
Microsoft Visual Studio Solution File, Format Version 12.00
# Visual Studio Version 17
VisualStudioVersion = 17.10.35027.167
MinimumVisualStudioVersion = 10.0.40219.1
Project("{FAE04EC0-301F-11D3-BF4B-00C04F79EFBC}") = "AvaloniaApplication1", "AvaloniaApplication1\AvaloniaApplication1.csproj", "{8EAA98D6-E73E-41D8-97E3-42045903D256}"
EndProject
Global
	GlobalSection(SolutionConfigurationPlatforms) = preSolution
		Debug|Any CPU = Debug|Any CPU
		Release|Any CPU = Release|Any CPU
	EndGlobalSection
	GlobalSection(ProjectConfigurationPlatforms) = postSolution
		{8EAA98D6-E73E-41D8-97E3-42045903D256}.Debug|Any CPU.ActiveCfg = Debug|Any CPU
		{8EAA98D6-E73E-41D8-97E3-42045903D256}.Debug|Any CPU.Build.0 = Debug|Any CPU
		{8EAA98D6-E73E-41D8-97E3-42045903D256}.Release|Any CPU.ActiveCfg = Release|Any CPU
		{8EAA98D6-E73E-41D8-97E3-42045903D256}.Release|Any CPU.Build.0 = Release|Any CPU
	EndGlobalSection
	GlobalSection(SolutionProperties) = preSolution
		HideSolutionNode = FALSE
	EndGlobalSection
	GlobalSection(ExtensibilityGlobals) = postSolution
		SolutionGuid = {A265F29C-1C72-44F9-837E-C3A6604E4D94}
	EndGlobalSection
EndGlobal
